dependencies:
  espressif/button:
    component_hash: b115c8797f89b883265441aeedf4973a6d49c53bec55159767cdd9cbcd27f328
    source:
      type: service
    version: 3.2.3
  espressif/cmake_utilities:
    component_hash: 351350613ceafba240b761b4ea991e0f231ac7a9f59a9ee901f751bddc0bb18f
    source:
      type: service
    version: 0.5.3
  espressif/knob:
    component_hash: aeec301a28a84d3a24aeeaef79c8bcffb4ecc153316570fef710ff27e2399d5a
    source:
      type: service
    version: 0.1.5
  idf:
    component_hash: null
    source:
      type: idf
    version: 5.3.0
manifest_hash: 80b66849c18b01ffdee9c345f18cbc5d15065e41460bc0690159c58074310df4
target: esp32c3
version: 1.0.0
