dependencies:
  espressif/button:
    component_hash: c3ee3ba339a3848977496d0157008ae574a24fc59f54d27c93ab51b14446a2fb
    source:
      type: service
    version: 3.3.1
  espressif/cmake_utilities:
    component_hash: 351350613ceafba240b761b4ea991e0f231ac7a9f59a9ee901f751bddc0bb18f
    source:
      type: service
    version: 0.5.3
  espressif/knob:
    component_hash: aeec301a28a84d3a24aeeaef79c8bcffb4ecc153316570fef710ff27e2399d5a
    source:
      type: service
    version: 0.1.5
  espressif/ntc_driver:
    component_hash: 2e4752aa8fc9768365ee9198ba800141402a7466ff3133f617f1beab87bcc2ef
    source:
      type: service
    version: 0.3.0
  idf:
    component_hash: null
    source:
      type: idf
    version: 5.3.0
manifest_hash: c1dd78a46629485bec5f51d6cbebe9eedbe17a36d2ee00094b9a1a0e03b837b6
target: esp32c3
version: 1.0.0
